
Microsoft Visual Studio Solution File, Format Version 12.00
# Visual Studio Version 18
VisualStudioVersion = 18.4.11626.88 stable
MinimumVisualStudioVersion = 10.0.40219.1
Project("{FAE04EC0-301F-11D3-BF4B-00C04F79EFBC}") = "GridTown", "GridTown.csproj", "{51794AFD-82DE-8319-D9AC-26AECCE5F5B1}"
EndProject
Global
	GlobalSection(SolutionConfigurationPlatforms) = preSolution
		Debug|Any CPU = Debug|Any CPU
		Release|Any CPU = Release|Any CPU
	EndGlobalSection
	GlobalSection(ProjectConfigurationPlatforms) = postSolution
		{51794AFD-82DE-8319-D9AC-26AECCE5F5B1}.Debug|Any CPU.ActiveCfg = Debug|Any CPU
		{51794AFD-82DE-8319-D9AC-26AECCE5F5B1}.Debug|Any CPU.Build.0 = Debug|Any CPU
		{51794AFD-82DE-8319-D9AC-26AECCE5F5B1}.Release|Any CPU.ActiveCfg = Release|Any CPU
		{51794AFD-82DE-8319-D9AC-26AECCE5F5B1}.Release|Any CPU.Build.0 = Release|Any CPU
	EndGlobalSection
	GlobalSection(SolutionProperties) = preSolution
		HideSolutionNode = FALSE
	EndGlobalSection
	GlobalSection(ExtensibilityGlobals) = postSolution
		SolutionGuid = {68BD7455-D880-4FD5-ADB9-5DAD5704B362}
	EndGlobalSection
EndGlobal
